
Microsoft Visual Studio Solution File, Format Version 11.00
# Visual Studio 2010
Project("{FAE04EC0-301F-11D3-BF4B-00C04F79EFBC}") = "ShellUtilities", "ShellUtilities\ShellUtilities.csproj", "{D9E56E48-9C52-4B10-9955-ED1FFA354BA4}"
EndProject
Project("{FAE04EC0-301F-11D3-BF4B-00C04F79EFBC}") = "ShellUtilitiesTestHarness", "ShellUtilitiesTestHarness\ShellUtilitiesTestHarness.csproj", "{281ECCAB-309A-4660-BFC6-F15EF47569BF}"
EndProject
Global
	GlobalSection(SolutionConfigurationPlatforms) = preSolution
		CodeAnalysisDebug|Any CPU = CodeAnalysisDebug|Any CPU
		CodeAnalysisDebug|Mixed Platforms = CodeAnalysisDebug|Mixed Platforms
		CodeAnalysisDebug|x64 = CodeAnalysisDebug|x64
		CodeAnalysisDebug|x86 = CodeAnalysisDebug|x86
		Debug|Any CPU = Debug|Any CPU
		Debug|Mixed Platforms = Debug|Mixed Platforms
		Debug|x64 = Debug|x64
		Debug|x86 = Debug|x86
		Release|Any CPU = Release|Any CPU
		Release|Mixed Platforms = Release|Mixed Platforms
		Release|x64 = Release|x64
		Release|x86 = Release|x86
	EndGlobalSection
	GlobalSection(ProjectConfigurationPlatforms) = postSolution
		{D9E56E48-9C52-4B10-9955-ED1FFA354BA4}.CodeAnalysisDebug|Any CPU.ActiveCfg = Debug|Any CPU
		{D9E56E48-9C52-4B10-9955-ED1FFA354BA4}.CodeAnalysisDebug|Any CPU.Build.0 = Debug|Any CPU
		{D9E56E48-9C52-4B10-9955-ED1FFA354BA4}.CodeAnalysisDebug|Mixed Platforms.ActiveCfg = Debug|Any CPU
		{D9E56E48-9C52-4B10-9955-ED1FFA354BA4}.CodeAnalysisDebug|Mixed Platforms.Build.0 = Debug|Any CPU
		{D9E56E48-9C52-4B10-9955-ED1FFA354BA4}.CodeAnalysisDebug|x64.ActiveCfg = Debug|Any CPU
		{D9E56E48-9C52-4B10-9955-ED1FFA354BA4}.CodeAnalysisDebug|x86.ActiveCfg = Debug|Any CPU
		{D9E56E48-9C52-4B10-9955-ED1FFA354BA4}.Debug|Any CPU.ActiveCfg = Debug|Any CPU
		{D9E56E48-9C52-4B10-9955-ED1FFA354BA4}.Debug|Any CPU.Build.0 = Debug|Any CPU
		{D9E56E48-9C52-4B10-9955-ED1FFA354BA4}.Debug|Mixed Platforms.ActiveCfg = Debug|Any CPU
		{D9E56E48-9C52-4B10-9955-ED1FFA354BA4}.Debug|Mixed Platforms.Build.0 = Debug|Any CPU
		{D9E56E48-9C52-4B10-9955-ED1FFA354BA4}.Debug|x64.ActiveCfg = Debug|Any CPU
		{D9E56E48-9C52-4B10-9955-ED1FFA354BA4}.Debug|x86.ActiveCfg = Debug|Any CPU
		{D9E56E48-9C52-4B10-9955-ED1FFA354BA4}.Release|Any CPU.ActiveCfg = Release|Any CPU
		{D9E56E48-9C52-4B10-9955-ED1FFA354BA4}.Release|Any CPU.Build.0 = Release|Any CPU
		{D9E56E48-9C52-4B10-9955-ED1FFA354BA4}.Release|Mixed Platforms.ActiveCfg = Release|Any CPU
		{D9E56E48-9C52-4B10-9955-ED1FFA354BA4}.Release|Mixed Platforms.Build.0 = Release|Any CPU
		{D9E56E48-9C52-4B10-9955-ED1FFA354BA4}.Release|x64.ActiveCfg = Release|Any CPU
		{D9E56E48-9C52-4B10-9955-ED1FFA354BA4}.Release|x86.ActiveCfg = Release|Any CPU
		{281ECCAB-309A-4660-BFC6-F15EF47569BF}.CodeAnalysisDebug|Any CPU.ActiveCfg = Debug|x86
		{281ECCAB-309A-4660-BFC6-F15EF47569BF}.CodeAnalysisDebug|Mixed Platforms.ActiveCfg = Debug|x86
		{281ECCAB-309A-4660-BFC6-F15EF47569BF}.CodeAnalysisDebug|Mixed Platforms.Build.0 = Debug|x86
		{281ECCAB-309A-4660-BFC6-F15EF47569BF}.CodeAnalysisDebug|x64.ActiveCfg = Debug|x86
		{281ECCAB-309A-4660-BFC6-F15EF47569BF}.CodeAnalysisDebug|x86.ActiveCfg = Debug|x86
		{281ECCAB-309A-4660-BFC6-F15EF47569BF}.CodeAnalysisDebug|x86.Build.0 = Debug|x86
		{281ECCAB-309A-4660-BFC6-F15EF47569BF}.Debug|Any CPU.ActiveCfg = Debug|x86
		{281ECCAB-309A-4660-BFC6-F15EF47569BF}.Debug|Any CPU.Build.0 = Debug|x86
		{281ECCAB-309A-4660-BFC6-F15EF47569BF}.Debug|Mixed Platforms.ActiveCfg = Debug|x86
		{281ECCAB-309A-4660-BFC6-F15EF47569BF}.Debug|Mixed Platforms.Build.0 = Debug|x86
		{281ECCAB-309A-4660-BFC6-F15EF47569BF}.Debug|x64.ActiveCfg = Debug|x86
		{281ECCAB-309A-4660-BFC6-F15EF47569BF}.Debug|x86.ActiveCfg = Debug|x86
		{281ECCAB-309A-4660-BFC6-F15EF47569BF}.Debug|x86.Build.0 = Debug|x86
		{281ECCAB-309A-4660-BFC6-F15EF47569BF}.Release|Any CPU.ActiveCfg = Release|x86
		{281ECCAB-309A-4660-BFC6-F15EF47569BF}.Release|Any CPU.Build.0 = Release|x86
		{281ECCAB-309A-4660-BFC6-F15EF47569BF}.Release|Mixed Platforms.ActiveCfg = Release|x86
		{281ECCAB-309A-4660-BFC6-F15EF47569BF}.Release|Mixed Platforms.Build.0 = Release|x86
		{281ECCAB-309A-4660-BFC6-F15EF47569BF}.Release|x64.ActiveCfg = Release|x86
		{281ECCAB-309A-4660-BFC6-F15EF47569BF}.Release|x86.ActiveCfg = Release|x86
		{281ECCAB-309A-4660-BFC6-F15EF47569BF}.Release|x86.Build.0 = Release|x86
	EndGlobalSection
	GlobalSection(SolutionProperties) = preSolution
		HideSolutionNode = FALSE
	EndGlobalSection
EndGlobal
