
Microsoft Visual Studio Solution File, Format Version 11.00
# Visual Studio 2010
Project("{FAE04EC0-301F-11D3-BF4B-00C04F79EFBC}") = "SilverPotato", "SilverPotato.csproj", "{D66E821F-0E8A-4022-A1B7-C1FD80B8C1D8}"
EndProject
Project("{FAE04EC0-301F-11D3-BF4B-00C04F79EFBC}") = "Cellbi.SvZLib", "..\..\..\Resources\SvZLib-Source\Cellbi.SvZLib\Cellbi.SvZLib.csproj", "{86A8BD62-5A1D-49BE-9455-0AAB7A1A178C}"
EndProject
Project("{FAE04EC0-301F-11D3-BF4B-00C04F79EFBC}") = "SilverliveStreamSource", "..\..\SilverLive\SilverLive\SilverliveStreamSource.csproj", "{7CA8BA96-4C8A-4174-91DE-6E8D86FFDBD2}"
EndProject
Global
	GlobalSection(SolutionConfigurationPlatforms) = preSolution
		Debug|Any CPU = Debug|Any CPU
		Release|Any CPU = Release|Any CPU
	EndGlobalSection
	GlobalSection(ProjectConfigurationPlatforms) = postSolution
		{D66E821F-0E8A-4022-A1B7-C1FD80B8C1D8}.Debug|Any CPU.ActiveCfg = Debug|Any CPU
		{D66E821F-0E8A-4022-A1B7-C1FD80B8C1D8}.Debug|Any CPU.Build.0 = Debug|Any CPU
		{D66E821F-0E8A-4022-A1B7-C1FD80B8C1D8}.Release|Any CPU.ActiveCfg = Release|Any CPU
		{D66E821F-0E8A-4022-A1B7-C1FD80B8C1D8}.Release|Any CPU.Build.0 = Release|Any CPU
		{86A8BD62-5A1D-49BE-9455-0AAB7A1A178C}.Debug|Any CPU.ActiveCfg = Debug|Any CPU
		{86A8BD62-5A1D-49BE-9455-0AAB7A1A178C}.Debug|Any CPU.Build.0 = Debug|Any CPU
		{86A8BD62-5A1D-49BE-9455-0AAB7A1A178C}.Release|Any CPU.ActiveCfg = Release|Any CPU
		{86A8BD62-5A1D-49BE-9455-0AAB7A1A178C}.Release|Any CPU.Build.0 = Release|Any CPU
		{7CA8BA96-4C8A-4174-91DE-6E8D86FFDBD2}.Debug|Any CPU.ActiveCfg = Debug|Any CPU
		{7CA8BA96-4C8A-4174-91DE-6E8D86FFDBD2}.Debug|Any CPU.Build.0 = Debug|Any CPU
		{7CA8BA96-4C8A-4174-91DE-6E8D86FFDBD2}.Release|Any CPU.ActiveCfg = Release|Any CPU
		{7CA8BA96-4C8A-4174-91DE-6E8D86FFDBD2}.Release|Any CPU.Build.0 = Release|Any CPU
	EndGlobalSection
	GlobalSection(SolutionProperties) = preSolution
		HideSolutionNode = FALSE
	EndGlobalSection
EndGlobal
