
Microsoft Visual Studio Solution File, Format Version 11.00
# Visual Studio 2010
Project("{FAE04EC0-301F-11D3-BF4B-00C04F79EFBC}") = "CommonEPG", "CommonEPG.csproj", "{B060A3B1-83C4-4785-97F6-E47F3D9E58D2}"
EndProject
Global
	GlobalSection(SolutionConfigurationPlatforms) = preSolution
		Debug|Any CPU = Debug|Any CPU
		Release|Any CPU = Release|Any CPU
	EndGlobalSection
	GlobalSection(ProjectConfigurationPlatforms) = postSolution
		{B060A3B1-83C4-4785-97F6-E47F3D9E58D2}.Debug|Any CPU.ActiveCfg = Debug|Any CPU
		{B060A3B1-83C4-4785-97F6-E47F3D9E58D2}.Debug|Any CPU.Build.0 = Debug|Any CPU
		{B060A3B1-83C4-4785-97F6-E47F3D9E58D2}.Release|Any CPU.ActiveCfg = Release|Any CPU
		{B060A3B1-83C4-4785-97F6-E47F3D9E58D2}.Release|Any CPU.Build.0 = Release|Any CPU
	EndGlobalSection
	GlobalSection(SolutionProperties) = preSolution
		HideSolutionNode = FALSE
	EndGlobalSection
EndGlobal
